
Microsoft Visual Studio Solution File, Format Version 12.00
# Visual Studio Version 16
VisualStudioVersion = 16.0.30717.126
MinimumVisualStudioVersion = 10.0.40219.1
Project("{FAE04EC0-301F-11D3-BF4B-00C04F79EFBC}") = "MinecraftTextureBuilder", "MinecraftTextureBuilder\MinecraftTextureBuilder.csproj", "{BE33F7D4-9623-4023-8B1D-BE3D1D2A58A2}"
EndProject
Project("{FAE04EC0-301F-11D3-BF4B-00C04F79EFBC}") = "TextureToolUpdater", "TextureToolUpdater\TextureToolUpdater.csproj", "{0D62F6B2-5181-40BE-A182-6AFCAA93898B}"
EndProject
Project("{FAE04EC0-301F-11D3-BF4B-00C04F79EFBC}") = "XMLDownloader", "XMLDownloader\XMLDownloader.csproj", "{4B3A7C78-1AEE-46EE-B09D-B1D7A0EFAA0A}"
EndProject
Global
	GlobalSection(SolutionConfigurationPlatforms) = preSolution
		Debug|Any CPU = Debug|Any CPU
		Release|Any CPU = Release|Any CPU
	EndGlobalSection
	GlobalSection(ProjectConfigurationPlatforms) = postSolution
		{BE33F7D4-9623-4023-8B1D-BE3D1D2A58A2}.Debug|Any CPU.ActiveCfg = Debug|Any CPU
		{BE33F7D4-9623-4023-8B1D-BE3D1D2A58A2}.Debug|Any CPU.Build.0 = Debug|Any CPU
		{BE33F7D4-9623-4023-8B1D-BE3D1D2A58A2}.Release|Any CPU.ActiveCfg = Release|Any CPU
		{BE33F7D4-9623-4023-8B1D-BE3D1D2A58A2}.Release|Any CPU.Build.0 = Release|Any CPU
		{0D62F6B2-5181-40BE-A182-6AFCAA93898B}.Debug|Any CPU.ActiveCfg = Debug|Any CPU
		{0D62F6B2-5181-40BE-A182-6AFCAA93898B}.Debug|Any CPU.Build.0 = Debug|Any CPU
		{0D62F6B2-5181-40BE-A182-6AFCAA93898B}.Release|Any CPU.ActiveCfg = Release|Any CPU
		{0D62F6B2-5181-40BE-A182-6AFCAA93898B}.Release|Any CPU.Build.0 = Release|Any CPU
		{4B3A7C78-1AEE-46EE-B09D-B1D7A0EFAA0A}.Debug|Any CPU.ActiveCfg = Debug|Any CPU
		{4B3A7C78-1AEE-46EE-B09D-B1D7A0EFAA0A}.Debug|Any CPU.Build.0 = Debug|Any CPU
		{4B3A7C78-1AEE-46EE-B09D-B1D7A0EFAA0A}.Release|Any CPU.ActiveCfg = Release|Any CPU
		{4B3A7C78-1AEE-46EE-B09D-B1D7A0EFAA0A}.Release|Any CPU.Build.0 = Release|Any CPU
	EndGlobalSection
	GlobalSection(SolutionProperties) = preSolution
		HideSolutionNode = FALSE
	EndGlobalSection
	GlobalSection(ExtensibilityGlobals) = postSolution
		SolutionGuid = {974D5D7E-7770-4C8A-890C-8B1BA91B32D7}
	EndGlobalSection
EndGlobal
